{
  "nodes": {
    "alternaut-vim": {
      "flake": false,
      "locked": {
        "lastModified": 1617264031,
        "narHash": "sha256-Dj1qx+pTDo+CE4U7gB7F6F/WL+st40oufdHBRdyx1aA=",
        "owner": "PsychoLlama",
        "repo": "alternaut.vim",
        "rev": "5cd92a74a78b1cfc111c8ef6de31e827ead81879",
        "type": "github"
      },
      "original": {
        "owner": "PsychoLlama",
        "repo": "alternaut.vim",
        "type": "github"
      }
    },
    "deja-view-vim": {
      "flake": false,
      "locked": {
        "lastModified": 1696690077,
        "narHash": "sha256-+t0/39wRcWRz66YUmPRomY5JQX3YiG+7NlyPHniMDiY=",
        "owner": "PsychoLlama",
        "repo": "deja-view.vim",
        "rev": "c34e647ddf439c7691253979c25e95109a8841e8",
        "type": "github"
      },
      "original": {
        "owner": "PsychoLlama",
        "repo": "deja-view.vim",
        "type": "github"
      }
    },
    "flake-utils": {
      "inputs": {
        "systems": "systems"
      },
      "locked": {
        "lastModified": 1681202837,
        "narHash": "sha256-H+Rh19JDwRtpVPAWp64F+rlEtxUWBAQW28eAi3SRSzg=",
        "owner": "numtide",
        "repo": "flake-utils",
        "rev": "cfacdce06f30d2b68473a46042957675eebb3401",
        "type": "github"
      },
      "original": {
        "owner": "numtide",
        "repo": "flake-utils",
        "type": "github"
      }
    },
    "home-manager": {
      "inputs": {
        "nixpkgs": [
          "nixpkgs"
        ]
      },
      "locked": {
        "lastModified": 1712386041,
        "narHash": "sha256-dA82pOMQNnCJMAsPG7AXG35VmCSMZsJHTFlTHizpKWQ=",
        "owner": "nix-community",
        "repo": "home-manager",
        "rev": "d6bb9f934f2870e5cbc5b94c79e9db22246141ff",
        "type": "github"
      },
      "original": {
        "owner": "nix-community",
        "ref": "release-23.11",
        "repo": "home-manager",
        "type": "github"
      }
    },
    "navitron-nvim": {
      "flake": false,
      "locked": {
        "lastModified": 1713724981,
        "narHash": "sha256-9OyyA/meQYUa0S1DDW8Y6nGPyfwaV9q8AMz8tChuvLg=",
        "owner": "PsychoLlama",
        "repo": "navitron.vim",
        "rev": "01a5885f28b959241ededee3a136cb118f868ff6",
        "type": "github"
      },
      "original": {
        "owner": "PsychoLlama",
        "repo": "navitron.vim",
        "type": "github"
      }
    },
    "nix-darwin": {
      "inputs": {
        "nixpkgs": [
          "nixpkgs"
        ]
      },
      "locked": {
        "lastModified": 1713946171,
        "narHash": "sha256-lc75rgRQLdp4Dzogv5cfqOg6qYc5Rp83oedF2t0kDp8=",
        "owner": "LnL7",
        "repo": "nix-darwin",
        "rev": "230a197063de9287128e2c68a7a4b0cd7d0b50a7",
        "type": "github"
      },
      "original": {
        "owner": "LnL7",
        "repo": "nix-darwin",
        "type": "github"
      }
    },
    "nixos-hardware": {
      "locked": {
        "lastModified": 1714746424,
        "narHash": "sha256-Jdyw7VcM+jQ0uSXgjFj8UdXZ229yOvPNlYkKyKyHA4s=",
        "owner": "nixos",
        "repo": "nixos-hardware",
        "rev": "3f017311191fe6d501ca2496a835d012f656ee9c",
        "type": "github"
      },
      "original": {
        "owner": "nixos",
        "repo": "nixos-hardware",
        "type": "github"
      }
    },
    "nixpkgs": {
      "locked": {
        "lastModified": 1713828541,
        "narHash": "sha256-KtvQeE12MSkCOhvVmnmcZCjnx7t31zWin2XVSDOwBDE=",
        "owner": "NixOS",
        "repo": "nixpkgs",
        "rev": "b500489fd3cf653eafc075f9362423ad5cdd8676",
        "type": "github"
      },
      "original": {
        "owner": "NixOS",
        "ref": "nixos-23.11",
        "repo": "nixpkgs",
        "type": "github"
      }
    },
    "nixpkgs-unstable": {
      "locked": {
        "lastModified": 1713805509,
        "narHash": "sha256-YgSEan4CcrjivCNO5ZNzhg7/8ViLkZ4CB/GrGBVSudo=",
        "owner": "NixOS",
        "repo": "nixpkgs",
        "rev": "1e1dc66fe68972a76679644a5577828b6a7e8be4",
        "type": "github"
      },
      "original": {
        "owner": "NixOS",
        "ref": "nixpkgs-unstable",
        "repo": "nixpkgs",
        "type": "github"
      }
    },
    "nixpkgs_2": {
      "locked": {
        "lastModified": 1702272962,
        "narHash": "sha256-D+zHwkwPc6oYQ4G3A1HuadopqRwUY/JkMwHz1YF7j4Q=",
        "path": "/nix/store/vf6skxhiqknlnqcxh8n4z2jldzzpb171-source",
        "rev": "e97b3e4186bcadf0ef1b6be22b8558eab1cdeb5d",
        "type": "path"
      },
      "original": {
        "id": "nixpkgs",
        "type": "indirect"
      }
    },
    "nixpkgs_3": {
      "locked": {
        "lastModified": 1681358109,
        "narHash": "sha256-eKyxW4OohHQx9Urxi7TQlFBTDWII+F+x2hklDOQPB50=",
        "owner": "NixOS",
        "repo": "nixpkgs",
        "rev": "96ba1c52e54e74c3197f4d43026b3f3d92e83ff9",
        "type": "github"
      },
      "original": {
        "owner": "NixOS",
        "ref": "nixpkgs-unstable",
        "repo": "nixpkgs",
        "type": "github"
      }
    },
    "root": {
      "inputs": {
        "alternaut-vim": "alternaut-vim",
        "deja-view-vim": "deja-view-vim",
        "home-manager": "home-manager",
        "navitron-nvim": "navitron-nvim",
        "nix-darwin": "nix-darwin",
        "nixos-hardware": "nixos-hardware",
        "nixpkgs": "nixpkgs",
        "nixpkgs-unstable": "nixpkgs-unstable",
        "teleport-vim": "teleport-vim",
        "tree-sitter-remix": "tree-sitter-remix"
      }
    },
    "rust-overlay": {
      "inputs": {
        "flake-utils": "flake-utils",
        "nixpkgs": "nixpkgs_3"
      },
      "locked": {
        "lastModified": 1685587239,
        "narHash": "sha256-zpOir1AWpWyQscP5dMpqMrCgBzjzH7Wv0FNUsQ0dcS0=",
        "owner": "oxalica",
        "repo": "rust-overlay",
        "rev": "acb7e896a73b0cf2c6ffe40b2051eb7f88fc2a10",
        "type": "github"
      },
      "original": {
        "owner": "oxalica",
        "repo": "rust-overlay",
        "type": "github"
      }
    },
    "systems": {
      "locked": {
        "lastModified": 1681028828,
        "narHash": "sha256-Vy1rq5AaRuLzOxct8nz4T6wlgyUR7zLU309k9mBC768=",
        "owner": "nix-systems",
        "repo": "default",
        "rev": "da67096a3b9bf56a91d16901293e51ba5b49a27e",
        "type": "github"
      },
      "original": {
        "owner": "nix-systems",
        "repo": "default",
        "type": "github"
      }
    },
    "teleport-vim": {
      "flake": false,
      "locked": {
        "lastModified": 1607511129,
        "narHash": "sha256-rz1zU8UhMQqRGlrVHvs+KuDECh042hKjSMGKPIGgGxY=",
        "owner": "PsychoLlama",
        "repo": "teleport.vim",
        "rev": "5cc0369a8cb5f6568fb65ad100fbf4de5cfc5514",
        "type": "github"
      },
      "original": {
        "owner": "PsychoLlama",
        "repo": "teleport.vim",
        "type": "github"
      }
    },
    "tree-sitter-remix": {
      "inputs": {
        "nixpkgs": "nixpkgs_2",
        "rust-overlay": "rust-overlay"
      },
      "locked": {
        "lastModified": 1704316522,
        "narHash": "sha256-iljAd5zHd2nNHigdY8PI1xNESrszMX1ggisnE7muCPg=",
        "owner": "PsychoLlama",
        "repo": "tree-sitter-remix",
        "rev": "9bfdbc299ef1f06726617763a12ca6d7623aabe6",
        "type": "github"
      },
      "original": {
        "owner": "PsychoLlama",
        "repo": "tree-sitter-remix",
        "type": "github"
      }
    }
  },
  "root": "root",
  "version": 7
}
