{
  "nodes": {
    "alternaut-vim": {
      "flake": false,
      "locked": {
        "lastModified": 1617264031,
        "narHash": "sha256-Dj1qx+pTDo+CE4U7gB7F6F/WL+st40oufdHBRdyx1aA=",
        "owner": "PsychoLlama",
        "repo": "alternaut.vim",
        "rev": "5cd92a74a78b1cfc111c8ef6de31e827ead81879",
        "type": "github"
      },
      "original": {
        "owner": "PsychoLlama",
        "ref": "main",
        "repo": "alternaut.vim",
        "type": "github"
      }
    },
    "darwin": {
      "inputs": {
        "nixpkgs": [
          "nixpkgs"
        ]
      },
      "locked": {
        "lastModified": 1634994402,
        "narHash": "sha256-xmlCVVOYGpZoxgOqsDOVF0B0ASrnbNGVAEzID9qh2xo=",
        "owner": "LnL7",
        "repo": "nix-darwin",
        "rev": "44da835ac40dab5fd231298b59d83487382d2fab",
        "type": "github"
      },
      "original": {
        "owner": "LnL7",
        "ref": "master",
        "repo": "nix-darwin",
        "type": "github"
      }
    },
    "further-vim": {
      "flake": false,
      "locked": {
        "lastModified": 1594177442,
        "narHash": "sha256-kninGuoM3Q6TvRrdsVa+PMTai938jeI28/JaOQOCqQM=",
        "owner": "PsychoLlama",
        "repo": "further.vim",
        "rev": "2679c53d108381444b86d9fdcbbaa2833cd0235e",
        "type": "github"
      },
      "original": {
        "owner": "PsychoLlama",
        "ref": "master",
        "repo": "further.vim",
        "type": "github"
      }
    },
    "git-vim": {
      "flake": false,
      "locked": {
        "narHash": "sha256-jb/CApvgY1o/HYNjTJhHdPPtXOUdsJ+qYwb6lQkxVNI=",
        "path": "./plugins/git.vim",
        "type": "path"
      },
      "original": {
        "path": "./plugins/git.vim",
        "type": "path"
      }
    },
    "hardware": {
      "locked": {
        "lastModified": 1635449388,
        "narHash": "sha256-i7hMiAgpRTGsMPTQKuNCDfW/ftQ+g9N6iaMj+RN6yws=",
        "owner": "nixos",
        "repo": "nixos-hardware",
        "rev": "518b9c2159e7d4b7696ee18b8828f9086012923b",
        "type": "github"
      },
      "original": {
        "owner": "nixos",
        "ref": "master",
        "repo": "nixos-hardware",
        "type": "github"
      }
    },
    "misc-vim": {
      "flake": false,
      "locked": {
        "narHash": "sha256-+LbFcGEkIziLS+XpLhlDByGNN9ltN9msgfb/jMLNVuA=",
        "path": "./plugins/misc.vim",
        "type": "path"
      },
      "original": {
        "path": "./plugins/misc.vim",
        "type": "path"
      }
    },
    "navitron-vim": {
      "flake": false,
      "locked": {
        "lastModified": 1609278061,
        "narHash": "sha256-B/w3FSsoSgL2m+0JhI4XM6o3+K0L+5EQOaDWhqCjVUk=",
        "owner": "PsychoLlama",
        "repo": "navitron.vim",
        "rev": "4f7b319f425a4959f2b8bfe1f2cb08beb6937362",
        "type": "github"
      },
      "original": {
        "owner": "PsychoLlama",
        "repo": "navitron.vim",
        "type": "github"
      }
    },
    "nginx-vim": {
      "flake": false,
      "locked": {
        "lastModified": 1633281202,
        "narHash": "sha256-7GYNhnoTx7y+xo9dkfaO8KCM7StPFY8P1ldTFD9pGZ0=",
        "owner": "chr4",
        "repo": "nginx.vim",
        "rev": "ceeab164880ad90e73ab1be31dc3932777b9ef20",
        "type": "github"
      },
      "original": {
        "owner": "chr4",
        "repo": "nginx.vim",
        "type": "github"
      }
    },
    "nixpkgs": {
      "locked": {
        "lastModified": 1635806954,
        "narHash": "sha256-yX/zjbIL/HdXh8a92hWJ+31gsLLv7byA1XRuPARaLro=",
        "owner": "NixOS",
        "repo": "nixpkgs",
        "rev": "372e59d2af704bffd133cbe029f1d5efe73ba6fb",
        "type": "github"
      },
      "original": {
        "owner": "NixOS",
        "ref": "nixos-21.05",
        "repo": "nixpkgs",
        "type": "github"
      }
    },
    "nixpkgs-unstable": {
      "locked": {
        "lastModified": 1635808042,
        "narHash": "sha256-kQg7LzPj+UQlCAgD0dJhJ88QdzduXwIyqnTLXScKBbY=",
        "owner": "NixOS",
        "repo": "nixpkgs",
        "rev": "550dab224a26ec25e20e82c0c8bfc764e01b772e",
        "type": "github"
      },
      "original": {
        "owner": "NixOS",
        "ref": "nixpkgs-unstable",
        "repo": "nixpkgs",
        "type": "github"
      }
    },
    "root": {
      "inputs": {
        "darwin": "darwin",
        "hardware": "hardware",
        "nixpkgs": "nixpkgs",
        "nixpkgs-unstable": "nixpkgs-unstable",
        "vim-plugin-nursery": "vim-plugin-nursery"
      }
    },
    "stacktrace-vim": {
      "flake": false,
      "locked": {
        "narHash": "sha256-dLDvOTqlU9HvDW191BiMU6089Ah5xwB7rKR2oPsQsCk=",
        "path": "./plugins/stacktrace.vim",
        "type": "path"
      },
      "original": {
        "path": "./plugins/stacktrace.vim",
        "type": "path"
      }
    },
    "teleport-vim": {
      "flake": false,
      "locked": {
        "lastModified": 1607511129,
        "narHash": "sha256-rz1zU8UhMQqRGlrVHvs+KuDECh042hKjSMGKPIGgGxY=",
        "owner": "PsychoLlama",
        "repo": "teleport.vim",
        "rev": "5cc0369a8cb5f6568fb65ad100fbf4de5cfc5514",
        "type": "github"
      },
      "original": {
        "owner": "PsychoLlama",
        "ref": "master",
        "repo": "teleport.vim",
        "type": "github"
      }
    },
    "vim-jsx": {
      "flake": false,
      "locked": {
        "lastModified": 1569784850,
        "narHash": "sha256-jT1WSAbRJsqF08Nr6LTEX2Vmi8UUtT4rX4fLeTyN8jM=",
        "owner": "mxw",
        "repo": "vim-jsx",
        "rev": "8879e0d9c5ba0e04ecbede1c89f63b7a0efa24af",
        "type": "github"
      },
      "original": {
        "owner": "mxw",
        "repo": "vim-jsx",
        "type": "github"
      }
    },
    "vim-nand2tetris": {
      "flake": false,
      "locked": {
        "lastModified": 1509026020,
        "narHash": "sha256-lua+XdVohOG6lUSP5inHEUpUwlVTP6zsKLJagMnGZYs=",
        "owner": "sevko",
        "repo": "vim-nand2tetris-syntax",
        "rev": "f5d43604fc5f36a533bbf9e0cede09701f6b6c5a",
        "type": "github"
      },
      "original": {
        "owner": "sevko",
        "ref": "master",
        "repo": "vim-nand2tetris-syntax",
        "type": "github"
      }
    },
    "vim-plugin-nursery": {
      "inputs": {
        "alternaut-vim": "alternaut-vim",
        "further-vim": "further-vim",
        "git-vim": "git-vim",
        "misc-vim": "misc-vim",
        "navitron-vim": "navitron-vim",
        "nginx-vim": "nginx-vim",
        "nixpkgs": [
          "nixpkgs-unstable"
        ],
        "stacktrace-vim": "stacktrace-vim",
        "teleport-vim": "teleport-vim",
        "vim-jsx": "vim-jsx",
        "vim-nand2tetris": "vim-nand2tetris",
        "yajs-vim": "yajs-vim"
      },
      "locked": {
        "lastModified": 1635743894,
        "narHash": "sha256-J0P6a5C1pgrkX38AommnzDY23OgbKhtHRE1+N9/gqUM=",
        "owner": "PsychoLlama",
        "repo": "vim-plugin-nursery",
        "rev": "d2a66dea753d7327740aa8ab33a064632955c805",
        "type": "github"
      },
      "original": {
        "owner": "PsychoLlama",
        "ref": "main",
        "repo": "vim-plugin-nursery",
        "type": "github"
      }
    },
    "yajs-vim": {
      "flake": false,
      "locked": {
        "lastModified": 1569233220,
        "narHash": "sha256-gN1Ji2/ApqJRHc1FNu+N7xegifKnQpGwTIqDvSwZfpY=",
        "owner": "othree",
        "repo": "yajs.vim",
        "rev": "2bebc45ce94d02875803c67033b2d294a5375064",
        "type": "github"
      },
      "original": {
        "owner": "othree",
        "repo": "yajs.vim",
        "type": "github"
      }
    }
  },
  "root": "root",
  "version": 7
}
