{
  "nodes": {
    "agenix": {
      "inputs": {
        "darwin": "darwin",
        "home-manager": [
          "home-manager"
        ],
        "nixpkgs": [
          "nixpkgs"
        ],
        "systems": [
          "systems"
        ]
      },
      "locked": {
        "lastModified": 1770165109,
        "narHash": "sha256-9VnK6Oqai65puVJ4WYtCTvlJeXxMzAp/69HhQuTdl/I=",
        "owner": "ryantm",
        "repo": "agenix",
        "rev": "b027ee29d959fda4b60b57566d64c98a202e0feb",
        "type": "github"
      },
      "original": {
        "owner": "ryantm",
        "repo": "agenix",
        "type": "github"
      }
    },
    "alternaut-nvim": {
      "inputs": {
        "nixpkgs": [
          "nixpkgs"
        ],
        "systems": [
          "systems"
        ]
      },
      "locked": {
        "lastModified": 1769956255,
        "narHash": "sha256-Pn7bYT2QTIC+2nuJlH+p66FtBeGNvTynN57VoxKsLsU=",
        "owner": "PsychoLlama",
        "repo": "alternaut.nvim",
        "rev": "580780c91db351208a25baba221ad9e3794786a8",
        "type": "github"
      },
      "original": {
        "owner": "PsychoLlama",
        "repo": "alternaut.nvim",
        "type": "github"
      }
    },
    "darwin": {
      "inputs": {
        "nixpkgs": [
          "agenix",
          "nixpkgs"
        ]
      },
      "locked": {
        "lastModified": 1744478979,
        "narHash": "sha256-dyN+teG9G82G+m+PX/aSAagkC+vUv0SgUw3XkPhQodQ=",
        "owner": "lnl7",
        "repo": "nix-darwin",
        "rev": "43975d782b418ebf4969e9ccba82466728c2851b",
        "type": "github"
      },
      "original": {
        "owner": "lnl7",
        "ref": "master",
        "repo": "nix-darwin",
        "type": "github"
      }
    },
    "deja-view-vim": {
      "flake": false,
      "locked": {
        "lastModified": 1696690077,
        "narHash": "sha256-+t0/39wRcWRz66YUmPRomY5JQX3YiG+7NlyPHniMDiY=",
        "owner": "PsychoLlama",
        "repo": "deja-view.vim",
        "rev": "c34e647ddf439c7691253979c25e95109a8841e8",
        "type": "github"
      },
      "original": {
        "owner": "PsychoLlama",
        "repo": "deja-view.vim",
        "type": "github"
      }
    },
    "home-manager": {
      "inputs": {
        "nixpkgs": [
          "nixpkgs"
        ]
      },
      "locked": {
        "lastModified": 1780883961,
        "narHash": "sha256-WU6SUrESuPiEXEUvX4D51AgWrXRJty+sLJBwBaDBGqE=",
        "owner": "nix-community",
        "repo": "home-manager",
        "rev": "4eb4fec41674d5b059aa2eedf0f98453890546fa",
        "type": "github"
      },
      "original": {
        "owner": "nix-community",
        "ref": "release-26.05",
        "repo": "home-manager",
        "type": "github"
      }
    },
    "navitron-nvim": {
      "flake": false,
      "locked": {
        "lastModified": 1764454959,
        "narHash": "sha256-0vupdtD9EXvPqOOOe60WkjSyOnRhl9s3V7N+IFYWZr4=",
        "owner": "PsychoLlama",
        "repo": "navitron.nvim",
        "rev": "d71dd34c20da55b8cc652d9b3535194891208598",
        "type": "github"
      },
      "original": {
        "owner": "PsychoLlama",
        "repo": "navitron.nvim",
        "type": "github"
      }
    },
    "nixos-hardware": {
      "inputs": {
        "nixpkgs": [
          "nixpkgs"
        ]
      },
      "locked": {
        "lastModified": 1781020964,
        "narHash": "sha256-fS7xTi2j2iso5Hj7RNZLv/acDlCT+fgMVkVk40A7Uco=",
        "owner": "nixos",
        "repo": "nixos-hardware",
        "rev": "32c2cd9e46286c4eced3dc6b613c659126bf3cca",
        "type": "github"
      },
      "original": {
        "owner": "nixos",
        "repo": "nixos-hardware",
        "type": "github"
      }
    },
    "nixpkgs": {
      "locked": {
        "lastModified": 1780902259,
        "narHash": "sha256-q8yYEC5f1mFlQO9RGna4LTc9QrcvWunX6FYp83munkQ=",
        "owner": "NixOS",
        "repo": "nixpkgs",
        "rev": "bd0ff2d3eac24699c3664d5966b9ef36f388e2ca",
        "type": "github"
      },
      "original": {
        "owner": "NixOS",
        "ref": "nixos-26.05",
        "repo": "nixpkgs",
        "type": "github"
      }
    },
    "nixpkgs-unstable": {
      "locked": {
        "lastModified": 1780930886,
        "narHash": "sha256-rppURzHviaQN131F+nLiLdGfcb0uCd9gGP0E5+iw9MI=",
        "owner": "NixOS",
        "repo": "nixpkgs",
        "rev": "8c3cede7ddc26bd659d2d383b5610efbd2c7a16e",
        "type": "github"
      },
      "original": {
        "owner": "NixOS",
        "ref": "nixpkgs-unstable",
        "repo": "nixpkgs",
        "type": "github"
      }
    },
    "root": {
      "inputs": {
        "agenix": "agenix",
        "alternaut-nvim": "alternaut-nvim",
        "deja-view-vim": "deja-view-vim",
        "home-manager": "home-manager",
        "navitron-nvim": "navitron-nvim",
        "nixos-hardware": "nixos-hardware",
        "nixpkgs": "nixpkgs",
        "nixpkgs-unstable": "nixpkgs-unstable",
        "systems": "systems",
        "teleport-vim": "teleport-vim"
      }
    },
    "systems": {
      "locked": {
        "lastModified": 1681028828,
        "narHash": "sha256-Vy1rq5AaRuLzOxct8nz4T6wlgyUR7zLU309k9mBC768=",
        "owner": "nix-systems",
        "repo": "default",
        "rev": "da67096a3b9bf56a91d16901293e51ba5b49a27e",
        "type": "github"
      },
      "original": {
        "owner": "nix-systems",
        "repo": "default",
        "type": "github"
      }
    },
    "teleport-vim": {
      "flake": false,
      "locked": {
        "lastModified": 1607511129,
        "narHash": "sha256-rz1zU8UhMQqRGlrVHvs+KuDECh042hKjSMGKPIGgGxY=",
        "owner": "PsychoLlama",
        "repo": "teleport.vim",
        "rev": "5cc0369a8cb5f6568fb65ad100fbf4de5cfc5514",
        "type": "github"
      },
      "original": {
        "owner": "PsychoLlama",
        "repo": "teleport.vim",
        "type": "github"
      }
    }
  },
  "root": "root",
  "version": 7
}
